// !$*UTF8*$!
{
	archiveVersion = 1;
	classes = {
	};
	objectVersion = 54;
	objects = {

/* Begin PBXBuildFile section */
		4157C7E729E82161000B79B0 /* AppDelegate.swift in Sources */ = {isa = PBXBuildFile; fileRef = 4157C7E629E82161000B79B0 /* AppDelegate.swift */; };
		4157C7E929E82161000B79B0 /* SceneDelegate.swift in Sources */ = {isa = PBXBuildFile; fileRef = 4157C7E829E82161000B79B0 /* SceneDelegate.swift */; };
		4157C7EB29E82161000B79B0 /* ViewController.swift in Sources */ = {isa = PBXBuildFile; fileRef = 4157C7EA29E82161000B79B0 /* ViewController.swift */; };
		4157C7EE29E82161000B79B0 /* Main.storyboard in Resources */ = {isa = PBXBuildFile; fileRef = 4157C7EC29E82161000B79B0 /* Main.storyboard */; };
		4157C7F029E82163000B79B0 /* Assets.xcassets in Resources */ = {isa = PBXBuildFile; fileRef = 4157C7EF29E82163000B79B0 /* Assets.xcassets */; };
		4157C7F329E82163000B79B0 /* LaunchScreen.storyboard in Resources */ = {isa = PBXBuildFile; fileRef = 4157C7F129E82163000B79B0 /* LaunchScreen.storyboard */; };
		4157C7FE29E82163000B79B0 /* OpenWeatherAppTests.swift in Sources */ = {isa = PBXBuildFile; fileRef = 4157C7FD29E82163000B79B0 /* OpenWeatherAppTests.swift */; };
		4157C80829E82163000B79B0 /* OpenWeatherAppUITests.swift in Sources */ = {isa = PBXBuildFile; fileRef = 4157C80729E82163000B79B0 /* OpenWeatherAppUITests.swift */; };
		4157C80A29E82163000B79B0 /* OpenWeatherAppUITestsLaunchTests.swift in Sources */ = {isa = PBXBuildFile; fileRef = 4157C80929E82163000B79B0 /* OpenWeatherAppUITestsLaunchTests.swift */; };
		4157C81F29E822FE000B79B0 /* WeatherModel.swift in Sources */ = {isa = PBXBuildFile; fileRef = 4157C81E29E822FE000B79B0 /* WeatherModel.swift */; };
		4157C82429E85084000B79B0 /* WeatherViewModel.swift in Sources */ = {isa = PBXBuildFile; fileRef = 4157C82329E85084000B79B0 /* WeatherViewModel.swift */; };
		4157C82A29E88542000B79B0 /* LocationManagerViewModel.swift in Sources */ = {isa = PBXBuildFile; fileRef = 4157C82929E88542000B79B0 /* LocationManagerViewModel.swift */; };
		4157C82C29E88701000B79B0 /* LocationModel.swift in Sources */ = {isa = PBXBuildFile; fileRef = 4157C82B29E88701000B79B0 /* LocationModel.swift */; };
		4157C82F29E8982D000B79B0 /* SDWebImage in Frameworks */ = {isa = PBXBuildFile; productRef = 4157C82E29E8982D000B79B0 /* SDWebImage */; };
		5A3C1EDC9ADCF3C49EF44CF0 /* Pods_OpenWeatherApp_OpenWeatherAppUITests.framework in Frameworks */ = {isa = PBXBuildFile; fileRef = D594E7B35AAD0AC5366E2BB5 /* Pods_OpenWeatherApp_OpenWeatherAppUITests.framework */; };
		8AA75A78CA47F54EBEBC587F /* Pods_OpenWeatherAppTests.framework in Frameworks */ = {isa = PBXBuildFile; fileRef = 38D5EB779115B0C6B763300F /* Pods_OpenWeatherAppTests.framework */; };
		B82B5DF99C9A8D10FFCF21EA /* Pods_OpenWeatherApp.framework in Frameworks */ = {isa = PBXBuildFile; fileRef = B69610B4C2B0FEBE61B6AA59 /* Pods_OpenWeatherApp.framework */; };
/* End PBXBuildFile section */

/* Begin PBXContainerItemProxy section */
		4157C7FA29E82163000B79B0 /* PBXContainerItemProxy */ = {
			isa = PBXContainerItemProxy;
			containerPortal = 4157C7DB29E82161000B79B0 /* Project object */;
			proxyType = 1;
			remoteGlobalIDString = 4157C7E229E82161000B79B0;
			remoteInfo = OpenWeatherApp;
		};
		4157C80429E82163000B79B0 /* PBXContainerItemProxy */ = {
			isa = PBXContainerItemProxy;
			containerPortal = 4157C7DB29E82161000B79B0 /* Project object */;
			proxyType = 1;
			remoteGlobalIDString = 4157C7E229E82161000B79B0;
			remoteInfo = OpenWeatherApp;
		};
/* End PBXContainerItemProxy section */

/* Begin PBXFileReference section */
		13728AF8D286C0C6B0D6D4BF /* Pods-OpenWeatherAppTests.debug.xcconfig */ = {isa = PBXFileReference; includeInIndex = 1; lastKnownFileType = text.xcconfig; name = "Pods-OpenWeatherAppTests.debug.xcconfig"; path = "Target Support Files/Pods-OpenWeatherAppTests/Pods-OpenWeatherAppTests.debug.xcconfig"; sourceTree = "<group>"; };
		38D5EB779115B0C6B763300F /* Pods_OpenWeatherAppTests.framework */ = {isa = PBXFileReference; explicitFileType = wrapper.framework; includeInIndex = 0; path = Pods_OpenWeatherAppTests.framework; sourceTree = BUILT_PRODUCTS_DIR; };
		3E3692C17BAA7877206B3332 /* Pods-OpenWeatherApp-OpenWeatherAppUITests.debug.xcconfig */ = {isa = PBXFileReference; includeInIndex = 1; lastKnownFileType = text.xcconfig; name = "Pods-OpenWeatherApp-OpenWeatherAppUITests.debug.xcconfig"; path = "Target Support Files/Pods-OpenWeatherApp-OpenWeatherAppUITests/Pods-OpenWeatherApp-OpenWeatherAppUITests.debug.xcconfig"; sourceTree = "<group>"; };
		4157C7E329E82161000B79B0 /* OpenWeatherApp.app */ = {isa = PBXFileReference; explicitFileType = wrapper.application; includeInIndex = 0; path = OpenWeatherApp.app; sourceTree = BUILT_PRODUCTS_DIR; };
		4157C7E629E82161000B79B0 /* AppDelegate.swift */ = {isa = PBXFileReference; lastKnownFileType = sourcecode.swift; path = AppDelegate.swift; sourceTree = "<group>"; };
		4157C7E829E82161000B79B0 /* SceneDelegate.swift */ = {isa = PBXFileReference; lastKnownFileType = sourcecode.swift; path = SceneDelegate.swift; sourceTree = "<group>"; };
		4157C7EA29E82161000B79B0 /* ViewController.swift */ = {isa = PBXFileReference; lastKnownFileType = sourcecode.swift; path = ViewController.swift; sourceTree = "<group>"; };
		4157C7ED29E82161000B79B0 /* Base */ = {isa = PBXFileReference; lastKnownFileType = file.storyboard; name = Base; path = Base.lproj/Main.storyboard; sourceTree = "<group>"; };
		4157C7EF29E82163000B79B0 /* Assets.xcassets */ = {isa = PBXFileReference; lastKnownFileType = folder.assetcatalog; path = Assets.xcassets; sourceTree = "<group>"; };
		4157C7F229E82163000B79B0 /* Base */ = {isa = PBXFileReference; lastKnownFileType = file.storyboard; name = Base; path = Base.lproj/LaunchScreen.storyboard; sourceTree = "<group>"; };
		4157C7F429E82163000B79B0 /* Info.plist */ = {isa = PBXFileReference; lastKnownFileType = text.plist.xml; path = Info.plist; sourceTree = "<group>"; };
		4157C7F929E82163000B79B0 /* OpenWeatherAppTests.xctest */ = {isa = PBXFileReference; explicitFileType = wrapper.cfbundle; includeInIndex = 0; path = OpenWeatherAppTests.xctest; sourceTree = BUILT_PRODUCTS_DIR; };
		4157C7FD29E82163000B79B0 /* OpenWeatherAppTests.swift */ = {isa = PBXFileReference; lastKnownFileType = sourcecode.swift; path = OpenWeatherAppTests.swift; sourceTree = "<group>"; };
		4157C80329E82163000B79B0 /* OpenWeatherAppUITests.xctest */ = {isa = PBXFileReference; explicitFileType = wrapper.cfbundle; includeInIndex = 0; path = OpenWeatherAppUITests.xctest; sourceTree = BUILT_PRODUCTS_DIR; };
		4157C80729E82163000B79B0 /* OpenWeatherAppUITests.swift */ = {isa = PBXFileReference; lastKnownFileType = sourcecode.swift; path = OpenWeatherAppUITests.swift; sourceTree = "<group>"; };
		4157C80929E82163000B79B0 /* OpenWeatherAppUITestsLaunchTests.swift */ = {isa = PBXFileReference; lastKnownFileType = sourcecode.swift; path = OpenWeatherAppUITestsLaunchTests.swift; sourceTree = "<group>"; };
		4157C81E29E822FE000B79B0 /* WeatherModel.swift */ = {isa = PBXFileReference; lastKnownFileType = sourcecode.swift; path = WeatherModel.swift; sourceTree = "<group>"; };
		4157C82329E85084000B79B0 /* WeatherViewModel.swift */ = {isa = PBXFileReference; lastKnownFileType = sourcecode.swift; path = WeatherViewModel.swift; sourceTree = "<group>"; };
		4157C82929E88542000B79B0 /* LocationManagerViewModel.swift */ = {isa = PBXFileReference; lastKnownFileType = sourcecode.swift; path = LocationManagerViewModel.swift; sourceTree = "<group>"; };
		4157C82B29E88701000B79B0 /* LocationModel.swift */ = {isa = PBXFileReference; lastKnownFileType = sourcecode.swift; path = LocationModel.swift; sourceTree = "<group>"; };
		67F94E3452351D222D3EF322 /* Pods-OpenWeatherApp.release.xcconfig */ = {isa = PBXFileReference; includeInIndex = 1; lastKnownFileType = text.xcconfig; name = "Pods-OpenWeatherApp.release.xcconfig"; path = "Target Support Files/Pods-OpenWeatherApp/Pods-OpenWeatherApp.release.xcconfig"; sourceTree = "<group>"; };
		6B852D11CD6C8D27E0DC4D68 /* Pods-OpenWeatherApp.debug.xcconfig */ = {isa = PBXFileReference; includeInIndex = 1; lastKnownFileType = text.xcconfig; name = "Pods-OpenWeatherApp.debug.xcconfig"; path = "Target Support Files/Pods-OpenWeatherApp/Pods-OpenWeatherApp.debug.xcconfig"; sourceTree = "<group>"; };
		B2449DAD87335F6C97FF192B /* Pods-OpenWeatherApp-OpenWeatherAppUITests.release.xcconfig */ = {isa = PBXFileReference; includeInIndex = 1; lastKnownFileType = text.xcconfig; name = "Pods-OpenWeatherApp-OpenWeatherAppUITests.release.xcconfig"; path = "Target Support Files/Pods-OpenWeatherApp-OpenWeatherAppUITests/Pods-OpenWeatherApp-OpenWeatherAppUITests.release.xcconfig"; sourceTree = "<group>"; };
		B5E5392A0BE3825DA61A7D26 /* Pods-OpenWeatherAppTests.release.xcconfig */ = {isa = PBXFileReference; includeInIndex = 1; lastKnownFileType = text.xcconfig; name = "Pods-OpenWeatherAppTests.release.xcconfig"; path = "Target Support Files/Pods-OpenWeatherAppTests/Pods-OpenWeatherAppTests.release.xcconfig"; sourceTree = "<group>"; };
		B69610B4C2B0FEBE61B6AA59 /* Pods_OpenWeatherApp.framework */ = {isa = PBXFileReference; explicitFileType = wrapper.framework; includeInIndex = 0; path = Pods_OpenWeatherApp.framework; sourceTree = BUILT_PRODUCTS_DIR; };
		D594E7B35AAD0AC5366E2BB5 /* Pods_OpenWeatherApp_OpenWeatherAppUITests.framework */ = {isa = PBXFileReference; explicitFileType = wrapper.framework; includeInIndex = 0; path = Pods_OpenWeatherApp_OpenWeatherAppUITests.framework; sourceTree = BUILT_PRODUCTS_DIR; };
/* End PBXFileReference section */

/* Begin PBXFrameworksBuildPhase section */
		4157C7E029E82161000B79B0 /* Frameworks */ = {
			isa = PBXFrameworksBuildPhase;
			buildActionMask = 2147483647;
			files = (
				4157C82F29E8982D000B79B0 /* SDWebImage in Frameworks */,
				B82B5DF99C9A8D10FFCF21EA /* Pods_OpenWeatherApp.framework in Frameworks */,
			);
			runOnlyForDeploymentPostprocessing = 0;
		};
		4157C7F629E82163000B79B0 /* Frameworks */ = {
			isa = PBXFrameworksBuildPhase;
			buildActionMask = 2147483647;
			files = (
				8AA75A78CA47F54EBEBC587F /* Pods_OpenWeatherAppTests.framework in Frameworks */,
			);
			runOnlyForDeploymentPostprocessing = 0;
		};
		4157C80029E82163000B79B0 /* Frameworks */ = {
			isa = PBXFrameworksBuildPhase;
			buildActionMask = 2147483647;
			files = (
				5A3C1EDC9ADCF3C49EF44CF0 /* Pods_OpenWeatherApp_OpenWeatherAppUITests.framework in Frameworks */,
			);
			runOnlyForDeploymentPostprocessing = 0;
		};
/* End PBXFrameworksBuildPhase section */

/* Begin PBXGroup section */
		150BB6A163D125649873EF3B /* Frameworks */ = {
			isa = PBXGroup;
			children = (
				B69610B4C2B0FEBE61B6AA59 /* Pods_OpenWeatherApp.framework */,
				D594E7B35AAD0AC5366E2BB5 /* Pods_OpenWeatherApp_OpenWeatherAppUITests.framework */,
				38D5EB779115B0C6B763300F /* Pods_OpenWeatherAppTests.framework */,
			);
			name = Frameworks;
			sourceTree = "<group>";
		};
		4157C7DA29E82161000B79B0 = {
			isa = PBXGroup;
			children = (
				4157C7E529E82161000B79B0 /* OpenWeatherApp */,
				4157C7FC29E82163000B79B0 /* OpenWeatherAppTests */,
				4157C80629E82163000B79B0 /* OpenWeatherAppUITests */,
				4157C7E429E82161000B79B0 /* Products */,
				DCC509C5D4F46117EDD0266D /* Pods */,
				150BB6A163D125649873EF3B /* Frameworks */,
			);
			sourceTree = "<group>";
		};
		4157C7E429E82161000B79B0 /* Products */ = {
			isa = PBXGroup;
			children = (
				4157C7E329E82161000B79B0 /* OpenWeatherApp.app */,
				4157C7F929E82163000B79B0 /* OpenWeatherAppTests.xctest */,
				4157C80329E82163000B79B0 /* OpenWeatherAppUITests.xctest */,
			);
			name = Products;
			sourceTree = "<group>";
		};
		4157C7E529E82161000B79B0 /* OpenWeatherApp */ = {
			isa = PBXGroup;
			children = (
				4157C82529E850B1000B79B0 /* Controller */,
				4157C81D29E8229C000B79B0 /* Apps */,
				4157C81C29E82284000B79B0 /* StoryBoards */,
				4157C81B29E8226D000B79B0 /* Resources */,
				4157C81729E82224000B79B0 /* MVVM */,
				4157C7F429E82163000B79B0 /* Info.plist */,
			);
			path = OpenWeatherApp;
			sourceTree = "<group>";
		};
		4157C7FC29E82163000B79B0 /* OpenWeatherAppTests */ = {
			isa = PBXGroup;
			children = (
				4157C7FD29E82163000B79B0 /* OpenWeatherAppTests.swift */,
			);
			path = OpenWeatherAppTests;
			sourceTree = "<group>";
		};
		4157C80629E82163000B79B0 /* OpenWeatherAppUITests */ = {
			isa = PBXGroup;
			children = (
				4157C80729E82163000B79B0 /* OpenWeatherAppUITests.swift */,
				4157C80929E82163000B79B0 /* OpenWeatherAppUITestsLaunchTests.swift */,
			);
			path = OpenWeatherAppUITests;
			sourceTree = "<group>";
		};
		4157C81729E82224000B79B0 /* MVVM */ = {
			isa = PBXGroup;
			children = (
				4157C81829E82240000B79B0 /* Model */,
				4157C81929E8224B000B79B0 /* View */,
				4157C81A29E82255000B79B0 /* ViewModel */,
			);
			path = MVVM;
			sourceTree = "<group>";
		};
		4157C81829E82240000B79B0 /* Model */ = {
			isa = PBXGroup;
			children = (
				4157C81E29E822FE000B79B0 /* WeatherModel.swift */,
				4157C82B29E88701000B79B0 /* LocationModel.swift */,
			);
			path = Model;
			sourceTree = "<group>";
		};
		4157C81929E8224B000B79B0 /* View */ = {
			isa = PBXGroup;
			children = (
			);
			path = View;
			sourceTree = "<group>";
		};
		4157C81A29E82255000B79B0 /* ViewModel */ = {
			isa = PBXGroup;
			children = (
				4157C82329E85084000B79B0 /* WeatherViewModel.swift */,
				4157C82929E88542000B79B0 /* LocationManagerViewModel.swift */,
			);
			path = ViewModel;
			sourceTree = "<group>";
		};
		4157C81B29E8226D000B79B0 /* Resources */ = {
			isa = PBXGroup;
			children = (
				4157C7EF29E82163000B79B0 /* Assets.xcassets */,
			);
			path = Resources;
			sourceTree = "<group>";
		};
		4157C81C29E82284000B79B0 /* StoryBoards */ = {
			isa = PBXGroup;
			children = (
				4157C7EC29E82161000B79B0 /* Main.storyboard */,
				4157C7F129E82163000B79B0 /* LaunchScreen.storyboard */,
			);
			path = StoryBoards;
			sourceTree = "<group>";
		};
		4157C81D29E8229C000B79B0 /* Apps */ = {
			isa = PBXGroup;
			children = (
				4157C7E629E82161000B79B0 /* AppDelegate.swift */,
				4157C7E829E82161000B79B0 /* SceneDelegate.swift */,
			);
			path = Apps;
			sourceTree = "<group>";
		};
		4157C82529E850B1000B79B0 /* Controller */ = {
			isa = PBXGroup;
			children = (
				4157C7EA29E82161000B79B0 /* ViewController.swift */,
			);
			path = Controller;
			sourceTree = "<group>";
		};
		DCC509C5D4F46117EDD0266D /* Pods */ = {
			isa = PBXGroup;
			children = (
				6B852D11CD6C8D27E0DC4D68 /* Pods-OpenWeatherApp.debug.xcconfig */,
				67F94E3452351D222D3EF322 /* Pods-OpenWeatherApp.release.xcconfig */,
				3E3692C17BAA7877206B3332 /* Pods-OpenWeatherApp-OpenWeatherAppUITests.debug.xcconfig */,
				B2449DAD87335F6C97FF192B /* Pods-OpenWeatherApp-OpenWeatherAppUITests.release.xcconfig */,
				13728AF8D286C0C6B0D6D4BF /* Pods-OpenWeatherAppTests.debug.xcconfig */,
				B5E5392A0BE3825DA61A7D26 /* Pods-OpenWeatherAppTests.release.xcconfig */,
			);
			path = Pods;
			sourceTree = "<group>";
		};
/* End PBXGroup section */

/* Begin PBXNativeTarget section */
		4157C7E229E82161000B79B0 /* OpenWeatherApp */ = {
			isa = PBXNativeTarget;
			buildConfigurationList = 4157C80D29E82163000B79B0 /* Build configuration list for PBXNativeTarget "OpenWeatherApp" */;
			buildPhases = (
				FA95A3B3A151B8380AF46711 /* [CP] Check Pods Manifest.lock */,
				4157C7DF29E82161000B79B0 /* Sources */,
				4157C7E029E82161000B79B0 /* Frameworks */,
				4157C7E129E82161000B79B0 /* Resources */,
			);
			buildRules = (
			);
			dependencies = (
			);
			name = OpenWeatherApp;
			packageProductDependencies = (
				4157C82E29E8982D000B79B0 /* SDWebImage */,
			);
			productName = OpenWeatherApp;
			productReference = 4157C7E329E82161000B79B0 /* OpenWeatherApp.app */;
			productType = "com.apple.product-type.application";
		};
		4157C7F829E82163000B79B0 /* OpenWeatherAppTests */ = {
			isa = PBXNativeTarget;
			buildConfigurationList = 4157C81029E82163000B79B0 /* Build configuration list for PBXNativeTarget "OpenWeatherAppTests" */;
			buildPhases = (
				FD49DFED119BFB424E823B5D /* [CP] Check Pods Manifest.lock */,
				4157C7F529E82163000B79B0 /* Sources */,
				4157C7F629E82163000B79B0 /* Frameworks */,
				4157C7F729E82163000B79B0 /* Resources */,
			);
			buildRules = (
			);
			dependencies = (
				4157C7FB29E82163000B79B0 /* PBXTargetDependency */,
			);
			name = OpenWeatherAppTests;
			productName = OpenWeatherAppTests;
			productReference = 4157C7F929E82163000B79B0 /* OpenWeatherAppTests.xctest */;
			productType = "com.apple.product-type.bundle.unit-test";
		};
		4157C80229E82163000B79B0 /* OpenWeatherAppUITests */ = {
			isa = PBXNativeTarget;
			buildConfigurationList = 4157C81329E82163000B79B0 /* Build configuration list for PBXNativeTarget "OpenWeatherAppUITests" */;
			buildPhases = (
				C698CAA4F15761543291A071 /* [CP] Check Pods Manifest.lock */,
				4157C7FF29E82163000B79B0 /* Sources */,
				4157C80029E82163000B79B0 /* Frameworks */,
				4157C80129E82163000B79B0 /* Resources */,
			);
			buildRules = (
			);
			dependencies = (
				4157C80529E82163000B79B0 /* PBXTargetDependency */,
			);
			name = OpenWeatherAppUITests;
			productName = OpenWeatherAppUITests;
			productReference = 4157C80329E82163000B79B0 /* OpenWeatherAppUITests.xctest */;
			productType = "com.apple.product-type.bundle.ui-testing";
		};
/* End PBXNativeTarget section */

/* Begin PBXProject section */
		4157C7DB29E82161000B79B0 /* Project object */ = {
			isa = PBXProject;
			attributes = {
				BuildIndependentTargetsInParallel = 1;
				LastSwiftUpdateCheck = 1430;
				LastUpgradeCheck = 1430;
				TargetAttributes = {
					4157C7E229E82161000B79B0 = {
						CreatedOnToolsVersion = 14.3;
					};
					4157C7F829E82163000B79B0 = {
						CreatedOnToolsVersion = 14.3;
						TestTargetID = 4157C7E229E82161000B79B0;
					};
					4157C80229E82163000B79B0 = {
						CreatedOnToolsVersion = 14.3;
						TestTargetID = 4157C7E229E82161000B79B0;
					};
				};
			};
			buildConfigurationList = 4157C7DE29E82161000B79B0 /* Build configuration list for PBXProject "OpenWeatherApp" */;
			compatibilityVersion = "Xcode 12.0";
			developmentRegion = en;
			hasScannedForEncodings = 0;
			knownRegions = (
				en,
				Base,
			);
			mainGroup = 4157C7DA29E82161000B79B0;
			packageReferences = (
				4157C82D29E8982D000B79B0 /* XCRemoteSwiftPackageReference "SDWebImage" */,
			);
			productRefGroup = 4157C7E429E82161000B79B0 /* Products */;
			projectDirPath = "";
			projectRoot = "";
			targets = (
				4157C7E229E82161000B79B0 /* OpenWeatherApp */,
				4157C7F829E82163000B79B0 /* OpenWeatherAppTests */,
				4157C80229E82163000B79B0 /* OpenWeatherAppUITests */,
			);
		};
/* End PBXProject section */

/* Begin PBXResourcesBuildPhase section */
		4157C7E129E82161000B79B0 /* Resources */ = {
			isa = PBXResourcesBuildPhase;
			buildActionMask = 2147483647;
			files = (
				4157C7F329E82163000B79B0 /* LaunchScreen.storyboard in Resources */,
				4157C7F029E82163000B79B0 /* Assets.xcassets in Resources */,
				4157C7EE29E82161000B79B0 /* Main.storyboard in Resources */,
			);
			runOnlyForDeploymentPostprocessing = 0;
		};
		4157C7F729E82163000B79B0 /* Resources */ = {
			isa = PBXResourcesBuildPhase;
			buildActionMask = 2147483647;
			files = (
			);
			runOnlyForDeploymentPostprocessing = 0;
		};
		4157C80129E82163000B79B0 /* Resources */ = {
			isa = PBXResourcesBuildPhase;
			buildActionMask = 2147483647;
			files = (
			);
			runOnlyForDeploymentPostprocessing = 0;
		};
/* End PBXResourcesBuildPhase section */

/* Begin PBXShellScriptBuildPhase section */
		C698CAA4F15761543291A071 /* [CP] Check Pods Manifest.lock */ = {
			isa = PBXShellScriptBuildPhase;
			buildActionMask = 2147483647;
			files = (
			);
			inputFileListPaths = (
			);
			inputPaths = (
				"${PODS_PODFILE_DIR_PATH}/Podfile.lock",
				"${PODS_ROOT}/Manifest.lock",
			);
			name = "[CP] Check Pods Manifest.lock";
			outputFileListPaths = (
			);
			outputPaths = (
				"$(DERIVED_FILE_DIR)/Pods-OpenWeatherApp-OpenWeatherAppUITests-checkManifestLockResult.txt",
			);
			runOnlyForDeploymentPostprocessing = 0;
			shellPath = /bin/sh;
			shellScript = "diff \"${PODS_PODFILE_DIR_PATH}/Podfile.lock\" \"${PODS_ROOT}/Manifest.lock\" > /dev/null\nif [ $? != 0 ] ; then\n    # print error to STDERR\n    echo \"error: The sandbox is not in sync with the Podfile.lock. Run 'pod install' or update your CocoaPods installation.\" >&2\n    exit 1\nfi\n# This output is used by Xcode 'outputs' to avoid re-running this script phase.\necho \"SUCCESS\" > \"${SCRIPT_OUTPUT_FILE_0}\"\n";
			showEnvVarsInLog = 0;
		};
		FA95A3B3A151B8380AF46711 /* [CP] Check Pods Manifest.lock */ = {
			isa = PBXShellScriptBuildPhase;
			buildActionMask = 2147483647;
			files = (
			);
			inputFileListPaths = (
			);
			inputPaths = (
				"${PODS_PODFILE_DIR_PATH}/Podfile.lock",
				"${PODS_ROOT}/Manifest.lock",
			);
			name = "[CP] Check Pods Manifest.lock";
			outputFileListPaths = (
			);
			outputPaths = (
				"$(DERIVED_FILE_DIR)/Pods-OpenWeatherApp-checkManifestLockResult.txt",
			);
			runOnlyForDeploymentPostprocessing = 0;
			shellPath = /bin/sh;
			shellScript = "diff \"${PODS_PODFILE_DIR_PATH}/Podfile.lock\" \"${PODS_ROOT}/Manifest.lock\" > /dev/null\nif [ $? != 0 ] ; then\n    # print error to STDERR\n    echo \"error: The sandbox is not in sync with the Podfile.lock. Run 'pod install' or update your CocoaPods installation.\" >&2\n    exit 1\nfi\n# This output is used by Xcode 'outputs' to avoid re-running this script phase.\necho \"SUCCESS\" > \"${SCRIPT_OUTPUT_FILE_0}\"\n";
			showEnvVarsInLog = 0;
		};
		FD49DFED119BFB424E823B5D /* [CP] Check Pods Manifest.lock */ = {
			isa = PBXShellScriptBuildPhase;
			buildActionMask = 2147483647;
			files = (
			);
			inputFileListPaths = (
			);
			inputPaths = (
				"${PODS_PODFILE_DIR_PATH}/Podfile.lock",
				"${PODS_ROOT}/Manifest.lock",
			);
			name = "[CP] Check Pods Manifest.lock";
			outputFileListPaths = (
			);
			outputPaths = (
				"$(DERIVED_FILE_DIR)/Pods-OpenWeatherAppTests-checkManifestLockResult.txt",
			);
			runOnlyForDeploymentPostprocessing = 0;
			shellPath = /bin/sh;
			shellScript = "diff \"${PODS_PODFILE_DIR_PATH}/Podfile.lock\" \"${PODS_ROOT}/Manifest.lock\" > /dev/null\nif [ $? != 0 ] ; then\n    # print error to STDERR\n    echo \"error: The sandbox is not in sync with the Podfile.lock. Run 'pod install' or update your CocoaPods installation.\" >&2\n    exit 1\nfi\n# This output is used by Xcode 'outputs' to avoid re-running this script phase.\necho \"SUCCESS\" > \"${SCRIPT_OUTPUT_FILE_0}\"\n";
			showEnvVarsInLog = 0;
		};
/* End PBXShellScriptBuildPhase section */

/* Begin PBXSourcesBuildPhase section */
		4157C7DF29E82161000B79B0 /* Sources */ = {
			isa = PBXSourcesBuildPhase;
			buildActionMask = 2147483647;
			files = (
				4157C82C29E88701000B79B0 /* LocationModel.swift in Sources */,
				4157C7EB29E82161000B79B0 /* ViewController.swift in Sources */,
				4157C82A29E88542000B79B0 /* LocationManagerViewModel.swift in Sources */,
				4157C82429E85084000B79B0 /* WeatherViewModel.swift in Sources */,
				4157C7E729E82161000B79B0 /* AppDelegate.swift in Sources */,
				4157C81F29E822FE000B79B0 /* WeatherModel.swift in Sources */,
				4157C7E929E82161000B79B0 /* SceneDelegate.swift in Sources */,
			);
			runOnlyForDeploymentPostprocessing = 0;
		};
		4157C7F529E82163000B79B0 /* Sources */ = {
			isa = PBXSourcesBuildPhase;
			buildActionMask = 2147483647;
			files = (
				4157C7FE29E82163000B79B0 /* OpenWeatherAppTests.swift in Sources */,
			);
			runOnlyForDeploymentPostprocessing = 0;
		};
		4157C7FF29E82163000B79B0 /* Sources */ = {
			isa = PBXSourcesBuildPhase;
			buildActionMask = 2147483647;
			files = (
				4157C80829E82163000B79B0 /* OpenWeatherAppUITests.swift in Sources */,
				4157C80A29E82163000B79B0 /* OpenWeatherAppUITestsLaunchTests.swift in Sources */,
			);
			runOnlyForDeploymentPostprocessing = 0;
		};
/* End PBXSourcesBuildPhase section */

/* Begin PBXTargetDependency section */
		4157C7FB29E82163000B79B0 /* PBXTargetDependency */ = {
			isa = PBXTargetDependency;
			target = 4157C7E229E82161000B79B0 /* OpenWeatherApp */;
			targetProxy = 4157C7FA29E82163000B79B0 /* PBXContainerItemProxy */;
		};
		4157C80529E82163000B79B0 /* PBXTargetDependency */ = {
			isa = PBXTargetDependency;
			target = 4157C7E229E82161000B79B0 /* OpenWeatherApp */;
			targetProxy = 4157C80429E82163000B79B0 /* PBXContainerItemProxy */;
		};
/* End PBXTargetDependency section */

/* Begin PBXVariantGroup section */
		4157C7EC29E82161000B79B0 /* Main.storyboard */ = {
			isa = PBXVariantGroup;
			children = (
				4157C7ED29E82161000B79B0 /* Base */,
			);
			name = Main.storyboard;
			sourceTree = "<group>";
		};
		4157C7F129E82163000B79B0 /* LaunchScreen.storyboard */ = {
			isa = PBXVariantGroup;
			children = (
				4157C7F229E82163000B79B0 /* Base */,
			);
			name = LaunchScreen.storyboard;
			sourceTree = "<group>";
		};
/* End PBXVariantGroup section */

/* Begin XCBuildConfiguration section */
		4157C80B29E82163000B79B0 /* Debug */ = {
			isa = XCBuildConfiguration;
			buildSettings = {
				ALWAYS_SEARCH_USER_PATHS = NO;
				CLANG_ANALYZER_NONNULL = YES;
				CLANG_ANALYZER_NUMBER_OBJECT_CONVERSION = YES_AGGRESSIVE;
				CLANG_CXX_LANGUAGE_STANDARD = "gnu++20";
				CLANG_ENABLE_MODULES = YES;
				CLANG_ENABLE_OBJC_ARC = YES;
				CLANG_ENABLE_OBJC_WEAK = YES;
				CLANG_WARN_BLOCK_CAPTURE_AUTORELEASING = YES;
				CLANG_WARN_BOOL_CONVERSION = YES;
				CLANG_WARN_COMMA = YES;
				CLANG_WARN_CONSTANT_CONVERSION = YES;
				CLANG_WARN_DEPRECATED_OBJC_IMPLEMENTATIONS = YES;
				CLANG_WARN_DIRECT_OBJC_ISA_USAGE = YES_ERROR;
				CLANG_WARN_DOCUMENTATION_COMMENTS = YES;
				CLANG_WARN_EMPTY_BODY = YES;
				CLANG_WARN_ENUM_CONVERSION = YES;
				CLANG_WARN_INFINITE_RECURSION = YES;
				CLANG_WARN_INT_CONVERSION = YES;
				CLANG_WARN_NON_LITERAL_NULL_CONVERSION = YES;
				CLANG_WARN_OBJC_IMPLICIT_RETAIN_SELF = YES;
				CLANG_WARN_OBJC_LITERAL_CONVERSION = YES;
				CLANG_WARN_OBJC_ROOT_CLASS = YES_ERROR;
				CLANG_WARN_QUOTED_INCLUDE_IN_FRAMEWORK_HEADER = YES;
				CLANG_WARN_RANGE_LOOP_ANALYSIS = YES;
				CLANG_WARN_STRICT_PROTOTYPES = YES;
				CLANG_WARN_SUSPICIOUS_MOVE = YES;
				CLANG_WARN_UNGUARDED_AVAILABILITY = YES_AGGRESSIVE;
				CLANG_WARN_UNREACHABLE_CODE = YES;
				CLANG_WARN__DUPLICATE_METHOD_MATCH = YES;
				COPY_PHASE_STRIP = NO;
				DEBUG_INFORMATION_FORMAT = dwarf;
				ENABLE_STRICT_OBJC_MSGSEND = YES;
				ENABLE_TESTABILITY = YES;
				GCC_C_LANGUAGE_STANDARD = gnu11;
				GCC_DYNAMIC_NO_PIC = NO;
				GCC_NO_COMMON_BLOCKS = YES;
				GCC_OPTIMIZATION_LEVEL = 0;
				GCC_PREPROCESSOR_DEFINITIONS = (
					"DEBUG=1",
					"$(inherited)",
				);
				GCC_WARN_64_TO_32_BIT_CONVERSION = YES;
				GCC_WARN_ABOUT_RETURN_TYPE = YES_ERROR;
				GCC_WARN_UNDECLARED_SELECTOR = YES;
				GCC_WARN_UNINITIALIZED_AUTOS = YES_AGGRESSIVE;
				GCC_WARN_UNUSED_FUNCTION = YES;
				GCC_WARN_UNUSED_VARIABLE = YES;
				IPHONEOS_DEPLOYMENT_TARGET = 16.4;
				MTL_ENABLE_DEBUG_INFO = INCLUDE_SOURCE;
				MTL_FAST_MATH = YES;
				ONLY_ACTIVE_ARCH = YES;
				SDKROOT = iphoneos;
				SWIFT_ACTIVE_COMPILATION_CONDITIONS = DEBUG;
				SWIFT_OPTIMIZATION_LEVEL = "-Onone";
			};
			name = Debug;
		};
		4157C80C29E82163000B79B0 /* Release */ = {
			isa = XCBuildConfiguration;
			buildSettings = {
				ALWAYS_SEARCH_USER_PATHS = NO;
				CLANG_ANALYZER_NONNULL = YES;
				CLANG_ANALYZER_NUMBER_OBJECT_CONVERSION = YES_AGGRESSIVE;
				CLANG_CXX_LANGUAGE_STANDARD = "gnu++20";
				CLANG_ENABLE_MODULES = YES;
				CLANG_ENABLE_OBJC_ARC = YES;
				CLANG_ENABLE_OBJC_WEAK = YES;
				CLANG_WARN_BLOCK_CAPTURE_AUTORELEASING = YES;
				CLANG_WARN_BOOL_CONVERSION = YES;
				CLANG_WARN_COMMA = YES;
				CLANG_WARN_CONSTANT_CONVERSION = YES;
				CLANG_WARN_DEPRECATED_OBJC_IMPLEMENTATIONS = YES;
				CLANG_WARN_DIRECT_OBJC_ISA_USAGE = YES_ERROR;
				CLANG_WARN_DOCUMENTATION_COMMENTS = YES;
				CLANG_WARN_EMPTY_BODY = YES;
				CLANG_WARN_ENUM_CONVERSION = YES;
				CLANG_WARN_INFINITE_RECURSION = YES;
				CLANG_WARN_INT_CONVERSION = YES;
				CLANG_WARN_NON_LITERAL_NULL_CONVERSION = YES;
				CLANG_WARN_OBJC_IMPLICIT_RETAIN_SELF = YES;
				CLANG_WARN_OBJC_LITERAL_CONVERSION = YES;
				CLANG_WARN_OBJC_ROOT_CLASS = YES_ERROR;
				CLANG_WARN_QUOTED_INCLUDE_IN_FRAMEWORK_HEADER = YES;
				CLANG_WARN_RANGE_LOOP_ANALYSIS = YES;
				CLANG_WARN_STRICT_PROTOTYPES = YES;
				CLANG_WARN_SUSPICIOUS_MOVE = YES;
				CLANG_WARN_UNGUARDED_AVAILABILITY = YES_AGGRESSIVE;
				CLANG_WARN_UNREACHABLE_CODE = YES;
				CLANG_WARN__DUPLICATE_METHOD_MATCH = YES;
				COPY_PHASE_STRIP = NO;
				DEBUG_INFORMATION_FORMAT = "dwarf-with-dsym";
				ENABLE_NS_ASSERTIONS = NO;
				ENABLE_STRICT_OBJC_MSGSEND = YES;
				GCC_C_LANGUAGE_STANDARD = gnu11;
				GCC_NO_COMMON_BLOCKS = YES;
				GCC_WARN_64_TO_32_BIT_CONVERSION = YES;
				GCC_WARN_ABOUT_RETURN_TYPE = YES_ERROR;
				GCC_WARN_UNDECLARED_SELECTOR = YES;
				GCC_WARN_UNINITIALIZED_AUTOS = YES_AGGRESSIVE;
				GCC_WARN_UNUSED_FUNCTION = YES;
				GCC_WARN_UNUSED_VARIABLE = YES;
				IPHONEOS_DEPLOYMENT_TARGET = 16.4;
				MTL_ENABLE_DEBUG_INFO = NO;
				MTL_FAST_MATH = YES;
				SDKROOT = iphoneos;
				SWIFT_COMPILATION_MODE = wholemodule;
				SWIFT_OPTIMIZATION_LEVEL = "-O";
				VALIDATE_PRODUCT = YES;
			};
			name = Release;
		};
		4157C80E29E82163000B79B0 /* Debug */ = {
			isa = XCBuildConfiguration;
			baseConfigurationReference = 6B852D11CD6C8D27E0DC4D68 /* Pods-OpenWeatherApp.debug.xcconfig */;
			buildSettings = {
				ASSETCATALOG_COMPILER_APPICON_NAME = AppIcon;
				ASSETCATALOG_COMPILER_GLOBAL_ACCENT_COLOR_NAME = AccentColor;
				CODE_SIGN_STYLE = Automatic;
				CURRENT_PROJECT_VERSION = 1;
				DEVELOPMENT_TEAM = TZVKT447GJ;
				GENERATE_INFOPLIST_FILE = YES;
				INFOPLIST_FILE = OpenWeatherApp/Info.plist;
				INFOPLIST_KEY_NSLocationAlwaysAndWhenInUseUsageDescription = "This app need location access to get the current location";
				INFOPLIST_KEY_NSLocationAlwaysUsageDescription = "This app need location access to get the current location";
				INFOPLIST_KEY_NSLocationWhenInUseUsageDescription = "This app need location access to get the current location";
				INFOPLIST_KEY_UIApplicationSupportsIndirectInputEvents = YES;
				INFOPLIST_KEY_UILaunchStoryboardName = LaunchScreen;
				INFOPLIST_KEY_UIMainStoryboardFile = Main;
				INFOPLIST_KEY_UISupportedInterfaceOrientations_iPad = "UIInterfaceOrientationPortrait UIInterfaceOrientationPortraitUpsideDown UIInterfaceOrientationLandscapeLeft UIInterfaceOrientationLandscapeRight";
				INFOPLIST_KEY_UISupportedInterfaceOrientations_iPhone = "UIInterfaceOrientationPortrait UIInterfaceOrientationLandscapeLeft UIInterfaceOrientationLandscapeRight";
				IPHONEOS_DEPLOYMENT_TARGET = 13.0;
				LD_RUNPATH_SEARCH_PATHS = (
					"$(inherited)",
					"@executable_path/Frameworks",
				);
				MARKETING_VERSION = 1.0;
				PRODUCT_BUNDLE_IDENTIFIER = com.grtsolutions.grtapp.OpenWeather;
				PRODUCT_NAME = "$(TARGET_NAME)";
				SWIFT_EMIT_LOC_STRINGS = YES;
				SWIFT_VERSION = 5.0;
				TARGETED_DEVICE_FAMILY = "1,2";
			};
			name = Debug;
		};
		4157C80F29E82163000B79B0 /* Release */ = {
			isa = XCBuildConfiguration;
			baseConfigurationReference = 67F94E3452351D222D3EF322 /* Pods-OpenWeatherApp.release.xcconfig */;
			buildSettings = {
				ASSETCATALOG_COMPILER_APPICON_NAME = AppIcon;
				ASSETCATALOG_COMPILER_GLOBAL_ACCENT_COLOR_NAME = AccentColor;
				CODE_SIGN_STYLE = Automatic;
				CURRENT_PROJECT_VERSION = 1;
				DEVELOPMENT_TEAM = TZVKT447GJ;
				GENERATE_INFOPLIST_FILE = YES;
				INFOPLIST_FILE = OpenWeatherApp/Info.plist;
				INFOPLIST_KEY_NSLocationAlwaysAndWhenInUseUsageDescription = "This app need location access to get the current location";
				INFOPLIST_KEY_NSLocationAlwaysUsageDescription = "This app need location access to get the current location";
				INFOPLIST_KEY_NSLocationWhenInUseUsageDescription = "This app need location access to get the current location";
				INFOPLIST_KEY_UIApplicationSupportsIndirectInputEvents = YES;
				INFOPLIST_KEY_UILaunchStoryboardName = LaunchScreen;
				INFOPLIST_KEY_UIMainStoryboardFile = Main;
				INFOPLIST_KEY_UISupportedInterfaceOrientations_iPad = "UIInterfaceOrientationPortrait UIInterfaceOrientationPortraitUpsideDown UIInterfaceOrientationLandscapeLeft UIInterfaceOrientationLandscapeRight";
				INFOPLIST_KEY_UISupportedInterfaceOrientations_iPhone = "UIInterfaceOrientationPortrait UIInterfaceOrientationLandscapeLeft UIInterfaceOrientationLandscapeRight";
				IPHONEOS_DEPLOYMENT_TARGET = 13.0;
				LD_RUNPATH_SEARCH_PATHS = (
					"$(inherited)",
					"@executable_path/Frameworks",
				);
				MARKETING_VERSION = 1.0;
				PRODUCT_BUNDLE_IDENTIFIER = com.grtsolutions.grtapp.OpenWeather;
				PRODUCT_NAME = "$(TARGET_NAME)";
				SWIFT_EMIT_LOC_STRINGS = YES;
				SWIFT_VERSION = 5.0;
				TARGETED_DEVICE_FAMILY = "1,2";
			};
			name = Release;
		};
		4157C81129E82163000B79B0 /* Debug */ = {
			isa = XCBuildConfiguration;
			baseConfigurationReference = 13728AF8D286C0C6B0D6D4BF /* Pods-OpenWeatherAppTests.debug.xcconfig */;
			buildSettings = {
				ALWAYS_EMBED_SWIFT_STANDARD_LIBRARIES = YES;
				BUNDLE_LOADER = "$(TEST_HOST)";
				CODE_SIGN_STYLE = Automatic;
				CURRENT_PROJECT_VERSION = 1;
				DEVELOPMENT_TEAM = TZVKT447GJ;
				GENERATE_INFOPLIST_FILE = YES;
				IPHONEOS_DEPLOYMENT_TARGET = 16.4;
				MARKETING_VERSION = 1.0;
				PRODUCT_BUNDLE_IDENTIFIER = com.grtsolutions.grtapp.OpenWeatherAppTests;
				PRODUCT_NAME = "$(TARGET_NAME)";
				SWIFT_EMIT_LOC_STRINGS = NO;
				SWIFT_VERSION = 5.0;
				TARGETED_DEVICE_FAMILY = "1,2";
				TEST_HOST = "$(BUILT_PRODUCTS_DIR)/OpenWeatherApp.app/$(BUNDLE_EXECUTABLE_FOLDER_PATH)/OpenWeatherApp";
			};
			name = Debug;
		};
		4157C81229E82163000B79B0 /* Release */ = {
			isa = XCBuildConfiguration;
			baseConfigurationReference = B5E5392A0BE3825DA61A7D26 /* Pods-OpenWeatherAppTests.release.xcconfig */;
			buildSettings = {
				ALWAYS_EMBED_SWIFT_STANDARD_LIBRARIES = YES;
				BUNDLE_LOADER = "$(TEST_HOST)";
				CODE_SIGN_STYLE = Automatic;
				CURRENT_PROJECT_VERSION = 1;
				DEVELOPMENT_TEAM = TZVKT447GJ;
				GENERATE_INFOPLIST_FILE = YES;
				IPHONEOS_DEPLOYMENT_TARGET = 16.4;
				MARKETING_VERSION = 1.0;
				PRODUCT_BUNDLE_IDENTIFIER = com.grtsolutions.grtapp.OpenWeatherAppTests;
				PRODUCT_NAME = "$(TARGET_NAME)";
				SWIFT_EMIT_LOC_STRINGS = NO;
				SWIFT_VERSION = 5.0;
				TARGETED_DEVICE_FAMILY = "1,2";
				TEST_HOST = "$(BUILT_PRODUCTS_DIR)/OpenWeatherApp.app/$(BUNDLE_EXECUTABLE_FOLDER_PATH)/OpenWeatherApp";
			};
			name = Release;
		};
		4157C81429E82163000B79B0 /* Debug */ = {
			isa = XCBuildConfiguration;
			baseConfigurationReference = 3E3692C17BAA7877206B3332 /* Pods-OpenWeatherApp-OpenWeatherAppUITests.debug.xcconfig */;
			buildSettings = {
				ALWAYS_EMBED_SWIFT_STANDARD_LIBRARIES = YES;
				CODE_SIGN_STYLE = Automatic;
				CURRENT_PROJECT_VERSION = 1;
				DEVELOPMENT_TEAM = TZVKT447GJ;
				GENERATE_INFOPLIST_FILE = YES;
				MARKETING_VERSION = 1.0;
				PRODUCT_BUNDLE_IDENTIFIER = com.grtsolutions.grtapp.OpenWeatherAppUITests;
				PRODUCT_NAME = "$(TARGET_NAME)";
				SWIFT_EMIT_LOC_STRINGS = NO;
				SWIFT_VERSION = 5.0;
				TARGETED_DEVICE_FAMILY = "1,2";
				TEST_TARGET_NAME = OpenWeatherApp;
			};
			name = Debug;
		};
		4157C81529E82163000B79B0 /* Release */ = {
			isa = XCBuildConfiguration;
			baseConfigurationReference = B2449DAD87335F6C97FF192B /* Pods-OpenWeatherApp-OpenWeatherAppUITests.release.xcconfig */;
			buildSettings = {
				ALWAYS_EMBED_SWIFT_STANDARD_LIBRARIES = YES;
				CODE_SIGN_STYLE = Automatic;
				CURRENT_PROJECT_VERSION = 1;
				DEVELOPMENT_TEAM = TZVKT447GJ;
				GENERATE_INFOPLIST_FILE = YES;
				MARKETING_VERSION = 1.0;
				PRODUCT_BUNDLE_IDENTIFIER = com.grtsolutions.grtapp.OpenWeatherAppUITests;
				PRODUCT_NAME = "$(TARGET_NAME)";
				SWIFT_EMIT_LOC_STRINGS = NO;
				SWIFT_VERSION = 5.0;
				TARGETED_DEVICE_FAMILY = "1,2";
				TEST_TARGET_NAME = OpenWeatherApp;
			};
			name = Release;
		};
/* End XCBuildConfiguration section */

/* Begin XCConfigurationList section */
		4157C7DE29E82161000B79B0 /* Build configuration list for PBXProject "OpenWeatherApp" */ = {
			isa = XCConfigurationList;
			buildConfigurations = (
				4157C80B29E82163000B79B0 /* Debug */,
				4157C80C29E82163000B79B0 /* Release */,
			);
			defaultConfigurationIsVisible = 0;
			defaultConfigurationName = Release;
		};
		4157C80D29E82163000B79B0 /* Build configuration list for PBXNativeTarget "OpenWeatherApp" */ = {
			isa = XCConfigurationList;
			buildConfigurations = (
				4157C80E29E82163000B79B0 /* Debug */,
				4157C80F29E82163000B79B0 /* Release */,
			);
			defaultConfigurationIsVisible = 0;
			defaultConfigurationName = Release;
		};
		4157C81029E82163000B79B0 /* Build configuration list for PBXNativeTarget "OpenWeatherAppTests" */ = {
			isa = XCConfigurationList;
			buildConfigurations = (
				4157C81129E82163000B79B0 /* Debug */,
				4157C81229E82163000B79B0 /* Release */,
			);
			defaultConfigurationIsVisible = 0;
			defaultConfigurationName = Release;
		};
		4157C81329E82163000B79B0 /* Build configuration list for PBXNativeTarget "OpenWeatherAppUITests" */ = {
			isa = XCConfigurationList;
			buildConfigurations = (
				4157C81429E82163000B79B0 /* Debug */,
				4157C81529E82163000B79B0 /* Release */,
			);
			defaultConfigurationIsVisible = 0;
			defaultConfigurationName = Release;
		};
/* End XCConfigurationList section */

/* Begin XCRemoteSwiftPackageReference section */
		4157C82D29E8982D000B79B0 /* XCRemoteSwiftPackageReference "SDWebImage" */ = {
			isa = XCRemoteSwiftPackageReference;
			repositoryURL = "https://github.com/SDWebImage/SDWebImage";
			requirement = {
				branch = master;
				kind = branch;
			};
		};
/* End XCRemoteSwiftPackageReference section */

/* Begin XCSwiftPackageProductDependency section */
		4157C82E29E8982D000B79B0 /* SDWebImage */ = {
			isa = XCSwiftPackageProductDependency;
			package = 4157C82D29E8982D000B79B0 /* XCRemoteSwiftPackageReference "SDWebImage" */;
			productName = SDWebImage;
		};
/* End XCSwiftPackageProductDependency section */
	};
	rootObject = 4157C7DB29E82161000B79B0 /* Project object */;
}
